
Microsoft Visual Studio Solution File, Format Version 12.00
# Visual Studio 15
VisualStudioVersion = 15.0.28307.106
MinimumVisualStudioVersion = 10.0.40219.1
Project("{8BC9CEB8-8B4A-11D0-8D11-00A0C91BC942}") = "Ficha4Pt2", "Ficha4Pt2\Ficha4Pt2.vcxproj", "{F609BB8C-399F-4D46-B6B7-70504778C3D4}"
EndProject
Project("{8BC9CEB8-8B4A-11D0-8D11-00A0C91BC942}") = "Ficha4Pt1", "Ficha4Pt1\Ficha4Pt1.vcxproj", "{A2A33A8B-AF1A-4C6D-8320-4AF482F2A9C0}"
EndProject
Global
	GlobalSection(SolutionConfigurationPlatforms) = preSolution
		Debug|x64 = Debug|x64
		Debug|x86 = Debug|x86
		Release|x64 = Release|x64
		Release|x86 = Release|x86
	EndGlobalSection
	GlobalSection(ProjectConfigurationPlatforms) = postSolution
		{F609BB8C-399F-4D46-B6B7-70504778C3D4}.Debug|x64.ActiveCfg = Debug|x64
		{F609BB8C-399F-4D46-B6B7-70504778C3D4}.Debug|x64.Build.0 = Debug|x64
		{F609BB8C-399F-4D46-B6B7-70504778C3D4}.Debug|x86.ActiveCfg = Debug|Win32
		{F609BB8C-399F-4D46-B6B7-70504778C3D4}.Debug|x86.Build.0 = Debug|Win32
		{F609BB8C-399F-4D46-B6B7-70504778C3D4}.Release|x64.ActiveCfg = Release|x64
		{F609BB8C-399F-4D46-B6B7-70504778C3D4}.Release|x64.Build.0 = Release|x64
		{F609BB8C-399F-4D46-B6B7-70504778C3D4}.Release|x86.ActiveCfg = Release|Win32
		{F609BB8C-399F-4D46-B6B7-70504778C3D4}.Release|x86.Build.0 = Release|Win32
		{A2A33A8B-AF1A-4C6D-8320-4AF482F2A9C0}.Debug|x64.ActiveCfg = Debug|x64
		{A2A33A8B-AF1A-4C6D-8320-4AF482F2A9C0}.Debug|x64.Build.0 = Debug|x64
		{A2A33A8B-AF1A-4C6D-8320-4AF482F2A9C0}.Debug|x86.ActiveCfg = Debug|Win32
		{A2A33A8B-AF1A-4C6D-8320-4AF482F2A9C0}.Debug|x86.Build.0 = Debug|Win32
		{A2A33A8B-AF1A-4C6D-8320-4AF482F2A9C0}.Release|x64.ActiveCfg = Release|x64
		{A2A33A8B-AF1A-4C6D-8320-4AF482F2A9C0}.Release|x64.Build.0 = Release|x64
		{A2A33A8B-AF1A-4C6D-8320-4AF482F2A9C0}.Release|x86.ActiveCfg = Release|Win32
		{A2A33A8B-AF1A-4C6D-8320-4AF482F2A9C0}.Release|x86.Build.0 = Release|Win32
	EndGlobalSection
	GlobalSection(SolutionProperties) = preSolution
		HideSolutionNode = FALSE
	EndGlobalSection
	GlobalSection(ExtensibilityGlobals) = postSolution
		SolutionGuid = {5E3C5EFF-D254-41D5-B455-153A913A7D03}
	EndGlobalSection
EndGlobal
